// !$*UTF8*$!
{
	archiveVersion = 1;
	classes = {
	};
	objectVersion = 46;
	objects = {

/* Begin PBXBuildFile section */
		A05B4C4F1AC4EA790099EFB4 /* NewCard_StartVC.m in Sources */ = {isa = PBXBuildFile; fileRef = A05B4C4E1AC4EA790099EFB4 /* NewCard_StartVC.m */; };
		A05B4C561AC4FE800099EFB4 /* NewCard_PreviewVC.m in Sources */ = {isa = PBXBuildFile; fileRef = A05B4C551AC4FE800099EFB4 /* NewCard_PreviewVC.m */; };
		A06B25491ACAFF1300216437 /* CardListCell.m in Sources */ = {isa = PBXBuildFile; fileRef = A06B25481ACAFF1300216437 /* CardListCell.m */; };
		A072B8131AC49AF700B08788 /* main.m in Sources */ = {isa = PBXBuildFile; fileRef = A072B8121AC49AF700B08788 /* main.m */; };
		A072B8161AC49AF700B08788 /* AppDelegate.m in Sources */ = {isa = PBXBuildFile; fileRef = A072B8151AC49AF700B08788 /* AppDelegate.m */; };
		A072B8191AC49AF800B08788 /* ID_Keeper.xcdatamodeld in Sources */ = {isa = PBXBuildFile; fileRef = A072B8171AC49AF800B08788 /* ID_Keeper.xcdatamodeld */; };
		A072B81F1AC49AF800B08788 /* Main.storyboard in Resources */ = {isa = PBXBuildFile; fileRef = A072B81D1AC49AF800B08788 /* Main.storyboard */; };
		A072B8211AC49AF800B08788 /* Images.xcassets in Resources */ = {isa = PBXBuildFile; fileRef = A072B8201AC49AF800B08788 /* Images.xcassets */; };
		A072B8241AC49AF800B08788 /* LaunchScreen.xib in Resources */ = {isa = PBXBuildFile; fileRef = A072B8221AC49AF800B08788 /* LaunchScreen.xib */; };
		A072B8301AC49AF800B08788 /* ID_KeeperTests.m in Sources */ = {isa = PBXBuildFile; fileRef = A072B82F1AC49AF800B08788 /* ID_KeeperTests.m */; };
		A072B83B1AC4A00400B08788 /* Card.m in Sources */ = {isa = PBXBuildFile; fileRef = A072B83A1AC4A00400B08788 /* Card.m */; };
		A072B83F1AC4A02B00B08788 /* CoreDataHelper.m in Sources */ = {isa = PBXBuildFile; fileRef = A072B83E1AC4A02B00B08788 /* CoreDataHelper.m */; };
		A072B8431AC4A1B300B08788 /* icon_wallet.png in Resources */ = {isa = PBXBuildFile; fileRef = A072B8411AC4A1B300B08788 /* icon_wallet.png */; };
		A072B8441AC4A1B300B08788 /* icon_write.png in Resources */ = {isa = PBXBuildFile; fileRef = A072B8421AC4A1B300B08788 /* icon_write.png */; };
		A072B8471AC4A1CD00B08788 /* InitialViewController.m in Sources */ = {isa = PBXBuildFile; fileRef = A072B8461AC4A1CD00B08788 /* InitialViewController.m */; };
		A072B8491AC4A47100B08788 /* StoreKit.framework in Frameworks */ = {isa = PBXBuildFile; fileRef = A072B8481AC4A47100B08788 /* StoreKit.framework */; };
		A072B84B1AC4A48C00B08788 /* LocalAuthentication.framework in Frameworks */ = {isa = PBXBuildFile; fileRef = A072B84A1AC4A48C00B08788 /* LocalAuthentication.framework */; };
		A072B84D1AC4A66000B08788 /* touch_id_icon.png in Resources */ = {isa = PBXBuildFile; fileRef = A072B84C1AC4A66000B08788 /* touch_id_icon.png */; };
		A072B8511AC4AF1700B08788 /* PurchaseOptionsVC.m in Sources */ = {isa = PBXBuildFile; fileRef = A072B8501AC4AF1700B08788 /* PurchaseOptionsVC.m */; };
		A0838EC91AC5C3B20049B2B2 /* MBProgressHUD.m in Sources */ = {isa = PBXBuildFile; fileRef = A0838EC81AC5C3B20049B2B2 /* MBProgressHUD.m */; };
		A0838ECB1AC5C3C40049B2B2 /* Foundation.framework in Frameworks */ = {isa = PBXBuildFile; fileRef = A0838ECA1AC5C3C40049B2B2 /* Foundation.framework */; };
		A0838ECD1AC5C3CC0049B2B2 /* UIKit.framework in Frameworks */ = {isa = PBXBuildFile; fileRef = A0838ECC1AC5C3CC0049B2B2 /* UIKit.framework */; };
		A0838ECF1AC5C3D40049B2B2 /* CoreGraphics.framework in Frameworks */ = {isa = PBXBuildFile; fileRef = A0838ECE1AC5C3D40049B2B2 /* CoreGraphics.framework */; };
		A0838ED21AC5CC110049B2B2 /* checkmark.png in Resources */ = {isa = PBXBuildFile; fileRef = A0838ED01AC5CC110049B2B2 /* checkmark.png */; };
		A0838ED31AC5CC110049B2B2 /* checkmark@2x.png in Resources */ = {isa = PBXBuildFile; fileRef = A0838ED11AC5CC110049B2B2 /* checkmark@2x.png */; };
		A0D590181AC9B8B5004EE678 /* ProgressDialogsHelper.m in Sources */ = {isa = PBXBuildFile; fileRef = A0D590171AC9B8B5004EE678 /* ProgressDialogsHelper.m */; };
		A0D5901C1AC9DA83004EE678 /* ListAllCardsTVC.m in Sources */ = {isa = PBXBuildFile; fileRef = A0D5901B1AC9DA83004EE678 /* ListAllCardsTVC.m */; };
/* End PBXBuildFile section */

/* Begin PBXContainerItemProxy section */
		A072B82A1AC49AF800B08788 /* PBXContainerItemProxy */ = {
			isa = PBXContainerItemProxy;
			containerPortal = A072B8051AC49AF700B08788 /* Project object */;
			proxyType = 1;
			remoteGlobalIDString = A072B80C1AC49AF700B08788;
			remoteInfo = "ID Keeper";
		};
/* End PBXContainerItemProxy section */

/* Begin PBXFileReference section */
		A05B4C4D1AC4EA790099EFB4 /* NewCard_StartVC.h */ = {isa = PBXFileReference; fileEncoding = 4; lastKnownFileType = sourcecode.c.h; path = NewCard_StartVC.h; sourceTree = "<group>"; };
		A05B4C4E1AC4EA790099EFB4 /* NewCard_StartVC.m */ = {isa = PBXFileReference; fileEncoding = 4; lastKnownFileType = sourcecode.c.objc; path = NewCard_StartVC.m; sourceTree = "<group>"; };
		A05B4C541AC4FE800099EFB4 /* NewCard_PreviewVC.h */ = {isa = PBXFileReference; fileEncoding = 4; lastKnownFileType = sourcecode.c.h; path = NewCard_PreviewVC.h; sourceTree = "<group>"; };
		A05B4C551AC4FE800099EFB4 /* NewCard_PreviewVC.m */ = {isa = PBXFileReference; fileEncoding = 4; lastKnownFileType = sourcecode.c.objc; path = NewCard_PreviewVC.m; sourceTree = "<group>"; };
		A06B25471ACAFF1300216437 /* CardListCell.h */ = {isa = PBXFileReference; fileEncoding = 4; lastKnownFileType = sourcecode.c.h; path = CardListCell.h; sourceTree = "<group>"; };
		A06B25481ACAFF1300216437 /* CardListCell.m */ = {isa = PBXFileReference; fileEncoding = 4; lastKnownFileType = sourcecode.c.objc; path = CardListCell.m; sourceTree = "<group>"; };
		A072B80D1AC49AF700B08788 /* ID Keeper.app */ = {isa = PBXFileReference; explicitFileType = wrapper.application; includeInIndex = 0; path = "ID Keeper.app"; sourceTree = BUILT_PRODUCTS_DIR; };
		A072B8111AC49AF700B08788 /* Info.plist */ = {isa = PBXFileReference; lastKnownFileType = text.plist.xml; path = Info.plist; sourceTree = "<group>"; };
		A072B8121AC49AF700B08788 /* main.m */ = {isa = PBXFileReference; lastKnownFileType = sourcecode.c.objc; path = main.m; sourceTree = "<group>"; };
		A072B8141AC49AF700B08788 /* AppDelegate.h */ = {isa = PBXFileReference; lastKnownFileType = sourcecode.c.h; path = AppDelegate.h; sourceTree = "<group>"; };
		A072B8151AC49AF700B08788 /* AppDelegate.m */ = {isa = PBXFileReference; lastKnownFileType = sourcecode.c.objc; path = AppDelegate.m; sourceTree = "<group>"; };
		A072B8181AC49AF800B08788 /* ID_Keeper.xcdatamodel */ = {isa = PBXFileReference; lastKnownFileType = wrapper.xcdatamodel; path = ID_Keeper.xcdatamodel; sourceTree = "<group>"; };
		A072B81E1AC49AF800B08788 /* Base */ = {isa = PBXFileReference; lastKnownFileType = file.storyboard; name = Base; path = Base.lproj/Main.storyboard; sourceTree = "<group>"; };
		A072B8201AC49AF800B08788 /* Images.xcassets */ = {isa = PBXFileReference; lastKnownFileType = folder.assetcatalog; path = Images.xcassets; sourceTree = "<group>"; };
		A072B8231AC49AF800B08788 /* Base */ = {isa = PBXFileReference; lastKnownFileType = file.xib; name = Base; path = Base.lproj/LaunchScreen.xib; sourceTree = "<group>"; };
		A072B8291AC49AF800B08788 /* ID KeeperTests.xctest */ = {isa = PBXFileReference; explicitFileType = wrapper.cfbundle; includeInIndex = 0; path = "ID KeeperTests.xctest"; sourceTree = BUILT_PRODUCTS_DIR; };
		A072B82E1AC49AF800B08788 /* Info.plist */ = {isa = PBXFileReference; lastKnownFileType = text.plist.xml; path = Info.plist; sourceTree = "<group>"; };
		A072B82F1AC49AF800B08788 /* ID_KeeperTests.m */ = {isa = PBXFileReference; lastKnownFileType = sourcecode.c.objc; path = ID_KeeperTests.m; sourceTree = "<group>"; };
		A072B8391AC4A00400B08788 /* Card.h */ = {isa = PBXFileReference; fileEncoding = 4; lastKnownFileType = sourcecode.c.h; path = Card.h; sourceTree = "<group>"; };
		A072B83A1AC4A00400B08788 /* Card.m */ = {isa = PBXFileReference; fileEncoding = 4; lastKnownFileType = sourcecode.c.objc; path = Card.m; sourceTree = "<group>"; };
		A072B83D1AC4A02B00B08788 /* CoreDataHelper.h */ = {isa = PBXFileReference; fileEncoding = 4; lastKnownFileType = sourcecode.c.h; path = CoreDataHelper.h; sourceTree = "<group>"; };
		A072B83E1AC4A02B00B08788 /* CoreDataHelper.m */ = {isa = PBXFileReference; fileEncoding = 4; lastKnownFileType = sourcecode.c.objc; path = CoreDataHelper.m; sourceTree = "<group>"; };
		A072B8411AC4A1B300B08788 /* icon_wallet.png */ = {isa = PBXFileReference; lastKnownFileType = image.png; path = icon_wallet.png; sourceTree = "<group>"; };
		A072B8421AC4A1B300B08788 /* icon_write.png */ = {isa = PBXFileReference; lastKnownFileType = image.png; path = icon_write.png; sourceTree = "<group>"; };
		A072B8451AC4A1CD00B08788 /* InitialViewController.h */ = {isa = PBXFileReference; fileEncoding = 4; lastKnownFileType = sourcecode.c.h; path = InitialViewController.h; sourceTree = "<group>"; };
		A072B8461AC4A1CD00B08788 /* InitialViewController.m */ = {isa = PBXFileReference; fileEncoding = 4; lastKnownFileType = sourcecode.c.objc; path = InitialViewController.m; sourceTree = "<group>"; };
		A072B8481AC4A47100B08788 /* StoreKit.framework */ = {isa = PBXFileReference; lastKnownFileType = wrapper.framework; name = StoreKit.framework; path = System/Library/Frameworks/StoreKit.framework; sourceTree = SDKROOT; };
		A072B84A1AC4A48C00B08788 /* LocalAuthentication.framework */ = {isa = PBXFileReference; lastKnownFileType = wrapper.framework; name = LocalAuthentication.framework; path = System/Library/Frameworks/LocalAuthentication.framework; sourceTree = SDKROOT; };
		A072B84C1AC4A66000B08788 /* touch_id_icon.png */ = {isa = PBXFileReference; lastKnownFileType = image.png; path = touch_id_icon.png; sourceTree = "<group>"; };
		A072B84E1AC4AAC100B08788 /* MacrosHelper.h */ = {isa = PBXFileReference; lastKnownFileType = sourcecode.c.h; path = MacrosHelper.h; sourceTree = "<group>"; };
		A072B84F1AC4AF1700B08788 /* PurchaseOptionsVC.h */ = {isa = PBXFileReference; fileEncoding = 4; lastKnownFileType = sourcecode.c.h; path = PurchaseOptionsVC.h; sourceTree = "<group>"; };
		A072B8501AC4AF1700B08788 /* PurchaseOptionsVC.m */ = {isa = PBXFileReference; fileEncoding = 4; lastKnownFileType = sourcecode.c.objc; path = PurchaseOptionsVC.m; sourceTree = "<group>"; };
		A0838EC71AC5C3B20049B2B2 /* MBProgressHUD.h */ = {isa = PBXFileReference; fileEncoding = 4; lastKnownFileType = sourcecode.c.h; path = MBProgressHUD.h; sourceTree = "<group>"; };
		A0838EC81AC5C3B20049B2B2 /* MBProgressHUD.m */ = {isa = PBXFileReference; fileEncoding = 4; lastKnownFileType = sourcecode.c.objc; path = MBProgressHUD.m; sourceTree = "<group>"; };
		A0838ECA1AC5C3C40049B2B2 /* Foundation.framework */ = {isa = PBXFileReference; lastKnownFileType = wrapper.framework; name = Foundation.framework; path = System/Library/Frameworks/Foundation.framework; sourceTree = SDKROOT; };
		A0838ECC1AC5C3CC0049B2B2 /* UIKit.framework */ = {isa = PBXFileReference; lastKnownFileType = wrapper.framework; name = UIKit.framework; path = System/Library/Frameworks/UIKit.framework; sourceTree = SDKROOT; };
		A0838ECE1AC5C3D40049B2B2 /* CoreGraphics.framework */ = {isa = PBXFileReference; lastKnownFileType = wrapper.framework; name = CoreGraphics.framework; path = System/Library/Frameworks/CoreGraphics.framework; sourceTree = SDKROOT; };
		A0838ED01AC5CC110049B2B2 /* checkmark.png */ = {isa = PBXFileReference; lastKnownFileType = image.png; path = checkmark.png; sourceTree = "<group>"; };
		A0838ED11AC5CC110049B2B2 /* checkmark@2x.png */ = {isa = PBXFileReference; lastKnownFileType = image.png; path = "checkmark@2x.png"; sourceTree = "<group>"; };
		A0D590161AC9B8B5004EE678 /* ProgressDialogsHelper.h */ = {isa = PBXFileReference; fileEncoding = 4; lastKnownFileType = sourcecode.c.h; path = ProgressDialogsHelper.h; sourceTree = "<group>"; };
		A0D590171AC9B8B5004EE678 /* ProgressDialogsHelper.m */ = {isa = PBXFileReference; fileEncoding = 4; lastKnownFileType = sourcecode.c.objc; path = ProgressDialogsHelper.m; sourceTree = "<group>"; };
		A0D5901A1AC9DA83004EE678 /* ListAllCardsTVC.h */ = {isa = PBXFileReference; fileEncoding = 4; lastKnownFileType = sourcecode.c.h; path = ListAllCardsTVC.h; sourceTree = "<group>"; };
		A0D5901B1AC9DA83004EE678 /* ListAllCardsTVC.m */ = {isa = PBXFileReference; fileEncoding = 4; lastKnownFileType = sourcecode.c.objc; path = ListAllCardsTVC.m; sourceTree = "<group>"; };
/* End PBXFileReference section */

/* Begin PBXFrameworksBuildPhase section */
		A072B80A1AC49AF700B08788 /* Frameworks */ = {
			isa = PBXFrameworksBuildPhase;
			buildActionMask = 2147483647;
			files = (
				A0838ECF1AC5C3D40049B2B2 /* CoreGraphics.framework in Frameworks */,
				A0838ECD1AC5C3CC0049B2B2 /* UIKit.framework in Frameworks */,
				A0838ECB1AC5C3C40049B2B2 /* Foundation.framework in Frameworks */,
				A072B84B1AC4A48C00B08788 /* LocalAuthentication.framework in Frameworks */,
				A072B8491AC4A47100B08788 /* StoreKit.framework in Frameworks */,
			);
			runOnlyForDeploymentPostprocessing = 0;
		};
		A072B8261AC49AF800B08788 /* Frameworks */ = {
			isa = PBXFrameworksBuildPhase;
			buildActionMask = 2147483647;
			files = (
			);
			runOnlyForDeploymentPostprocessing = 0;
		};
/* End PBXFrameworksBuildPhase section */

/* Begin PBXGroup section */
		A072B8041AC49AF700B08788 = {
			isa = PBXGroup;
			children = (
				A072B80F1AC49AF700B08788 /* ID Keeper */,
				A072B82C1AC49AF800B08788 /* ID KeeperTests */,
				A072B80E1AC49AF700B08788 /* Products */,
			);
			sourceTree = "<group>";
		};
		A072B80E1AC49AF700B08788 /* Products */ = {
			isa = PBXGroup;
			children = (
				A072B80D1AC49AF700B08788 /* ID Keeper.app */,
				A072B8291AC49AF800B08788 /* ID KeeperTests.xctest */,
			);
			name = Products;
			sourceTree = "<group>";
		};
		A072B80F1AC49AF700B08788 /* ID Keeper */ = {
			isa = PBXGroup;
			children = (
				A072B8101AC49AF700B08788 /* Supporting Files */,
				A0D590151AC9B872004EE678 /* Helpers */,
				A0D590141AC9B860004EE678 /* Frameworks */,
				A072B8401AC4A1A900B08788 /* Images */,
				A072B83C1AC4A01400B08788 /* Core Data */,
				A072B84E1AC4AAC100B08788 /* MacrosHelper.h */,
				A072B8141AC49AF700B08788 /* AppDelegate.h */,
				A072B8151AC49AF700B08788 /* AppDelegate.m */,
				A072B81D1AC49AF800B08788 /* Main.storyboard */,
				A072B8221AC49AF800B08788 /* LaunchScreen.xib */,
				A072B8451AC4A1CD00B08788 /* InitialViewController.h */,
				A072B8461AC4A1CD00B08788 /* InitialViewController.m */,
				A0D590191AC9DA4F004EE678 /* New Card */,
				A0D5901D1AC9DA94004EE678 /* Show Cards */,
				A072B84F1AC4AF1700B08788 /* PurchaseOptionsVC.h */,
				A072B8501AC4AF1700B08788 /* PurchaseOptionsVC.m */,
			);
			path = "ID Keeper";
			sourceTree = "<group>";
		};
		A072B8101AC49AF700B08788 /* Supporting Files */ = {
			isa = PBXGroup;
			children = (
				A072B8111AC49AF700B08788 /* Info.plist */,
				A072B8121AC49AF700B08788 /* main.m */,
			);
			name = "Supporting Files";
			sourceTree = "<group>";
		};
		A072B82C1AC49AF800B08788 /* ID KeeperTests */ = {
			isa = PBXGroup;
			children = (
				A072B82F1AC49AF800B08788 /* ID_KeeperTests.m */,
				A072B82D1AC49AF800B08788 /* Supporting Files */,
			);
			path = "ID KeeperTests";
			sourceTree = "<group>";
		};
		A072B82D1AC49AF800B08788 /* Supporting Files */ = {
			isa = PBXGroup;
			children = (
				A072B82E1AC49AF800B08788 /* Info.plist */,
			);
			name = "Supporting Files";
			sourceTree = "<group>";
		};
		A072B83C1AC4A01400B08788 /* Core Data */ = {
			isa = PBXGroup;
			children = (
				A072B8171AC49AF800B08788 /* ID_Keeper.xcdatamodeld */,
				A072B8391AC4A00400B08788 /* Card.h */,
				A072B83A1AC4A00400B08788 /* Card.m */,
				A072B83D1AC4A02B00B08788 /* CoreDataHelper.h */,
				A072B83E1AC4A02B00B08788 /* CoreDataHelper.m */,
			);
			name = "Core Data";
			sourceTree = "<group>";
		};
		A072B8401AC4A1A900B08788 /* Images */ = {
			isa = PBXGroup;
			children = (
				A0838ED01AC5CC110049B2B2 /* checkmark.png */,
				A0838ED11AC5CC110049B2B2 /* checkmark@2x.png */,
				A072B84C1AC4A66000B08788 /* touch_id_icon.png */,
				A072B8201AC49AF800B08788 /* Images.xcassets */,
				A072B8411AC4A1B300B08788 /* icon_wallet.png */,
				A072B8421AC4A1B300B08788 /* icon_write.png */,
			);
			name = Images;
			sourceTree = "<group>";
		};
		A0D590141AC9B860004EE678 /* Frameworks */ = {
			isa = PBXGroup;
			children = (
				A0838ECE1AC5C3D40049B2B2 /* CoreGraphics.framework */,
				A0838ECC1AC5C3CC0049B2B2 /* UIKit.framework */,
				A0838ECA1AC5C3C40049B2B2 /* Foundation.framework */,
				A072B84A1AC4A48C00B08788 /* LocalAuthentication.framework */,
				A072B8481AC4A47100B08788 /* StoreKit.framework */,
			);
			name = Frameworks;
			sourceTree = "<group>";
		};
		A0D590151AC9B872004EE678 /* Helpers */ = {
			isa = PBXGroup;
			children = (
				A0838EC71AC5C3B20049B2B2 /* MBProgressHUD.h */,
				A0838EC81AC5C3B20049B2B2 /* MBProgressHUD.m */,
				A0D590161AC9B8B5004EE678 /* ProgressDialogsHelper.h */,
				A0D590171AC9B8B5004EE678 /* ProgressDialogsHelper.m */,
			);
			name = Helpers;
			sourceTree = "<group>";
		};
		A0D590191AC9DA4F004EE678 /* New Card */ = {
			isa = PBXGroup;
			children = (
				A05B4C4D1AC4EA790099EFB4 /* NewCard_StartVC.h */,
				A05B4C4E1AC4EA790099EFB4 /* NewCard_StartVC.m */,
				A05B4C541AC4FE800099EFB4 /* NewCard_PreviewVC.h */,
				A05B4C551AC4FE800099EFB4 /* NewCard_PreviewVC.m */,
			);
			name = "New Card";
			sourceTree = "<group>";
		};
		A0D5901D1AC9DA94004EE678 /* Show Cards */ = {
			isa = PBXGroup;
			children = (
				A0D5901A1AC9DA83004EE678 /* ListAllCardsTVC.h */,
				A0D5901B1AC9DA83004EE678 /* ListAllCardsTVC.m */,
				A06B25471ACAFF1300216437 /* CardListCell.h */,
				A06B25481ACAFF1300216437 /* CardListCell.m */,
			);
			name = "Show Cards";
			sourceTree = "<group>";
		};
/* End PBXGroup section */

/* Begin PBXNativeTarget section */
		A072B80C1AC49AF700B08788 /* ID Keeper */ = {
			isa = PBXNativeTarget;
			buildConfigurationList = A072B8331AC49AF800B08788 /* Build configuration list for PBXNativeTarget "ID Keeper" */;
			buildPhases = (
				A072B8091AC49AF700B08788 /* Sources */,
				A072B80A1AC49AF700B08788 /* Frameworks */,
				A072B80B1AC49AF700B08788 /* Resources */,
			);
			buildRules = (
			);
			dependencies = (
			);
			name = "ID Keeper";
			productName = "ID Keeper";
			productReference = A072B80D1AC49AF700B08788 /* ID Keeper.app */;
			productType = "com.apple.product-type.application";
		};
		A072B8281AC49AF800B08788 /* ID KeeperTests */ = {
			isa = PBXNativeTarget;
			buildConfigurationList = A072B8361AC49AF800B08788 /* Build configuration list for PBXNativeTarget "ID KeeperTests" */;
			buildPhases = (
				A072B8251AC49AF800B08788 /* Sources */,
				A072B8261AC49AF800B08788 /* Frameworks */,
				A072B8271AC49AF800B08788 /* Resources */,
			);
			buildRules = (
			);
			dependencies = (
				A072B82B1AC49AF800B08788 /* PBXTargetDependency */,
			);
			name = "ID KeeperTests";
			productName = "ID KeeperTests";
			productReference = A072B8291AC49AF800B08788 /* ID KeeperTests.xctest */;
			productType = "com.apple.product-type.bundle.unit-test";
		};
/* End PBXNativeTarget section */

/* Begin PBXProject section */
		A072B8051AC49AF700B08788 /* Project object */ = {
			isa = PBXProject;
			attributes = {
				LastUpgradeCheck = 0620;
				ORGANIZATIONNAME = "Eduardo Flores";
				TargetAttributes = {
					A072B80C1AC49AF700B08788 = {
						CreatedOnToolsVersion = 6.2;
						DevelopmentTeam = NHJ9WCNN2Z;
						SystemCapabilities = {
							com.apple.InAppPurchase = {
								enabled = 1;
							};
						};
					};
					A072B8281AC49AF800B08788 = {
						CreatedOnToolsVersion = 6.2;
						TestTargetID = A072B80C1AC49AF700B08788;
					};
				};
			};
			buildConfigurationList = A072B8081AC49AF700B08788 /* Build configuration list for PBXProject "ID Keeper" */;
			compatibilityVersion = "Xcode 3.2";
			developmentRegion = English;
			hasScannedForEncodings = 0;
			knownRegions = (
				en,
				Base,
			);
			mainGroup = A072B8041AC49AF700B08788;
			productRefGroup = A072B80E1AC49AF700B08788 /* Products */;
			projectDirPath = "";
			projectRoot = "";
			targets = (
				A072B80C1AC49AF700B08788 /* ID Keeper */,
				A072B8281AC49AF800B08788 /* ID KeeperTests */,
			);
		};
/* End PBXProject section */

/* Begin PBXResourcesBuildPhase section */
		A072B80B1AC49AF700B08788 /* Resources */ = {
			isa = PBXResourcesBuildPhase;
			buildActionMask = 2147483647;
			files = (
				A072B8441AC4A1B300B08788 /* icon_write.png in Resources */,
				A072B81F1AC49AF800B08788 /* Main.storyboard in Resources */,
				A072B8241AC49AF800B08788 /* LaunchScreen.xib in Resources */,
				A0838ED21AC5CC110049B2B2 /* checkmark.png in Resources */,
				A072B8211AC49AF800B08788 /* Images.xcassets in Resources */,
				A072B8431AC4A1B300B08788 /* icon_wallet.png in Resources */,
				A0838ED31AC5CC110049B2B2 /* checkmark@2x.png in Resources */,
				A072B84D1AC4A66000B08788 /* touch_id_icon.png in Resources */,
			);
			runOnlyForDeploymentPostprocessing = 0;
		};
		A072B8271AC49AF800B08788 /* Resources */ = {
			isa = PBXResourcesBuildPhase;
			buildActionMask = 2147483647;
			files = (
			);
			runOnlyForDeploymentPostprocessing = 0;
		};
/* End PBXResourcesBuildPhase section */

/* Begin PBXSourcesBuildPhase section */
		A072B8091AC49AF700B08788 /* Sources */ = {
			isa = PBXSourcesBuildPhase;
			buildActionMask = 2147483647;
			files = (
				A072B83F1AC4A02B00B08788 /* CoreDataHelper.m in Sources */,
				A072B83B1AC4A00400B08788 /* Card.m in Sources */,
				A072B8511AC4AF1700B08788 /* PurchaseOptionsVC.m in Sources */,
				A06B25491ACAFF1300216437 /* CardListCell.m in Sources */,
				A05B4C561AC4FE800099EFB4 /* NewCard_PreviewVC.m in Sources */,
				A072B8191AC49AF800B08788 /* ID_Keeper.xcdatamodeld in Sources */,
				A072B8471AC4A1CD00B08788 /* InitialViewController.m in Sources */,
				A072B8161AC49AF700B08788 /* AppDelegate.m in Sources */,
				A0838EC91AC5C3B20049B2B2 /* MBProgressHUD.m in Sources */,
				A05B4C4F1AC4EA790099EFB4 /* NewCard_StartVC.m in Sources */,
				A072B8131AC49AF700B08788 /* main.m in Sources */,
				A0D590181AC9B8B5004EE678 /* ProgressDialogsHelper.m in Sources */,
				A0D5901C1AC9DA83004EE678 /* ListAllCardsTVC.m in Sources */,
			);
			runOnlyForDeploymentPostprocessing = 0;
		};
		A072B8251AC49AF800B08788 /* Sources */ = {
			isa = PBXSourcesBuildPhase;
			buildActionMask = 2147483647;
			files = (
				A072B8301AC49AF800B08788 /* ID_KeeperTests.m in Sources */,
			);
			runOnlyForDeploymentPostprocessing = 0;
		};
/* End PBXSourcesBuildPhase section */

/* Begin PBXTargetDependency section */
		A072B82B1AC49AF800B08788 /* PBXTargetDependency */ = {
			isa = PBXTargetDependency;
			target = A072B80C1AC49AF700B08788 /* ID Keeper */;
			targetProxy = A072B82A1AC49AF800B08788 /* PBXContainerItemProxy */;
		};
/* End PBXTargetDependency section */

/* Begin PBXVariantGroup section */
		A072B81D1AC49AF800B08788 /* Main.storyboard */ = {
			isa = PBXVariantGroup;
			children = (
				A072B81E1AC49AF800B08788 /* Base */,
			);
			name = Main.storyboard;
			sourceTree = "<group>";
		};
		A072B8221AC49AF800B08788 /* LaunchScreen.xib */ = {
			isa = PBXVariantGroup;
			children = (
				A072B8231AC49AF800B08788 /* Base */,
			);
			name = LaunchScreen.xib;
			sourceTree = "<group>";
		};
/* End PBXVariantGroup section */

/* Begin XCBuildConfiguration section */
		A072B8311AC49AF800B08788 /* Debug */ = {
			isa = XCBuildConfiguration;
			buildSettings = {
				ALWAYS_SEARCH_USER_PATHS = NO;
				CLANG_CXX_LANGUAGE_STANDARD = "gnu++0x";
				CLANG_CXX_LIBRARY = "libc++";
				CLANG_ENABLE_MODULES = YES;
				CLANG_ENABLE_OBJC_ARC = YES;
				CLANG_WARN_BOOL_CONVERSION = YES;
				CLANG_WARN_CONSTANT_CONVERSION = YES;
				CLANG_WARN_DIRECT_OBJC_ISA_USAGE = YES_ERROR;
				CLANG_WARN_EMPTY_BODY = YES;
				CLANG_WARN_ENUM_CONVERSION = YES;
				CLANG_WARN_INT_CONVERSION = YES;
				CLANG_WARN_OBJC_ROOT_CLASS = YES_ERROR;
				CLANG_WARN_UNREACHABLE_CODE = YES;
				CLANG_WARN__DUPLICATE_METHOD_MATCH = YES;
				"CODE_SIGN_IDENTITY[sdk=iphoneos*]" = "iPhone Developer";
				COPY_PHASE_STRIP = NO;
				ENABLE_STRICT_OBJC_MSGSEND = YES;
				GCC_C_LANGUAGE_STANDARD = gnu99;
				GCC_DYNAMIC_NO_PIC = NO;
				GCC_OPTIMIZATION_LEVEL = 0;
				GCC_PREPROCESSOR_DEFINITIONS = (
					"DEBUG=1",
					"$(inherited)",
				);
				GCC_SYMBOLS_PRIVATE_EXTERN = NO;
				GCC_WARN_64_TO_32_BIT_CONVERSION = YES;
				GCC_WARN_ABOUT_RETURN_TYPE = YES_ERROR;
				GCC_WARN_UNDECLARED_SELECTOR = YES;
				GCC_WARN_UNINITIALIZED_AUTOS = YES_AGGRESSIVE;
				GCC_WARN_UNUSED_FUNCTION = YES;
				GCC_WARN_UNUSED_VARIABLE = YES;
				IPHONEOS_DEPLOYMENT_TARGET = 8.2;
				MTL_ENABLE_DEBUG_INFO = YES;
				ONLY_ACTIVE_ARCH = YES;
				SDKROOT = iphoneos;
			};
			name = Debug;
		};
		A072B8321AC49AF800B08788 /* Release */ = {
			isa = XCBuildConfiguration;
			buildSettings = {
				ALWAYS_SEARCH_USER_PATHS = NO;
				CLANG_CXX_LANGUAGE_STANDARD = "gnu++0x";
				CLANG_CXX_LIBRARY = "libc++";
				CLANG_ENABLE_MODULES = YES;
				CLANG_ENABLE_OBJC_ARC = YES;
				CLANG_WARN_BOOL_CONVERSION = YES;
				CLANG_WARN_CONSTANT_CONVERSION = YES;
				CLANG_WARN_DIRECT_OBJC_ISA_USAGE = YES_ERROR;
				CLANG_WARN_EMPTY_BODY = YES;
				CLANG_WARN_ENUM_CONVERSION = YES;
				CLANG_WARN_INT_CONVERSION = YES;
				CLANG_WARN_OBJC_ROOT_CLASS = YES_ERROR;
				CLANG_WARN_UNREACHABLE_CODE = YES;
				CLANG_WARN__DUPLICATE_METHOD_MATCH = YES;
				"CODE_SIGN_IDENTITY[sdk=iphoneos*]" = "iPhone Developer";
				COPY_PHASE_STRIP = NO;
				ENABLE_NS_ASSERTIONS = NO;
				ENABLE_STRICT_OBJC_MSGSEND = YES;
				GCC_C_LANGUAGE_STANDARD = gnu99;
				GCC_WARN_64_TO_32_BIT_CONVERSION = YES;
				GCC_WARN_ABOUT_RETURN_TYPE = YES_ERROR;
				GCC_WARN_UNDECLARED_SELECTOR = YES;
				GCC_WARN_UNINITIALIZED_AUTOS = YES_AGGRESSIVE;
				GCC_WARN_UNUSED_FUNCTION = YES;
				GCC_WARN_UNUSED_VARIABLE = YES;
				IPHONEOS_DEPLOYMENT_TARGET = 8.2;
				MTL_ENABLE_DEBUG_INFO = NO;
				SDKROOT = iphoneos;
				VALIDATE_PRODUCT = YES;
			};
			name = Release;
		};
		A072B8341AC49AF800B08788 /* Debug */ = {
			isa = XCBuildConfiguration;
			buildSettings = {
				ASSETCATALOG_COMPILER_APPICON_NAME = AppIcon;
				CODE_SIGN_IDENTITY = "iPhone Developer";
				"CODE_SIGN_IDENTITY[sdk=iphoneos*]" = "iPhone Developer";
				INFOPLIST_FILE = "ID Keeper/Info.plist";
				LD_RUNPATH_SEARCH_PATHS = "$(inherited) @executable_path/Frameworks";
				PRODUCT_NAME = "$(TARGET_NAME)";
				PROVISIONING_PROFILE = "";
			};
			name = Debug;
		};
		A072B8351AC49AF800B08788 /* Release */ = {
			isa = XCBuildConfiguration;
			buildSettings = {
				ASSETCATALOG_COMPILER_APPICON_NAME = AppIcon;
				CODE_SIGN_IDENTITY = "iPhone Developer";
				"CODE_SIGN_IDENTITY[sdk=iphoneos*]" = "iPhone Developer";
				INFOPLIST_FILE = "ID Keeper/Info.plist";
				LD_RUNPATH_SEARCH_PATHS = "$(inherited) @executable_path/Frameworks";
				PRODUCT_NAME = "$(TARGET_NAME)";
				PROVISIONING_PROFILE = "";
			};
			name = Release;
		};
		A072B8371AC49AF800B08788 /* Debug */ = {
			isa = XCBuildConfiguration;
			buildSettings = {
				BUNDLE_LOADER = "$(TEST_HOST)";
				FRAMEWORK_SEARCH_PATHS = (
					"$(SDKROOT)/Developer/Library/Frameworks",
					"$(inherited)",
				);
				GCC_PREPROCESSOR_DEFINITIONS = (
					"DEBUG=1",
					"$(inherited)",
				);
				INFOPLIST_FILE = "ID KeeperTests/Info.plist";
				LD_RUNPATH_SEARCH_PATHS = "$(inherited) @executable_path/Frameworks @loader_path/Frameworks";
				PRODUCT_NAME = "$(TARGET_NAME)";
				TEST_HOST = "$(BUILT_PRODUCTS_DIR)/ID Keeper.app/ID Keeper";
			};
			name = Debug;
		};
		A072B8381AC49AF800B08788 /* Release */ = {
			isa = XCBuildConfiguration;
			buildSettings = {
				BUNDLE_LOADER = "$(TEST_HOST)";
				FRAMEWORK_SEARCH_PATHS = (
					"$(SDKROOT)/Developer/Library/Frameworks",
					"$(inherited)",
				);
				INFOPLIST_FILE = "ID KeeperTests/Info.plist";
				LD_RUNPATH_SEARCH_PATHS = "$(inherited) @executable_path/Frameworks @loader_path/Frameworks";
				PRODUCT_NAME = "$(TARGET_NAME)";
				TEST_HOST = "$(BUILT_PRODUCTS_DIR)/ID Keeper.app/ID Keeper";
			};
			name = Release;
		};
/* End XCBuildConfiguration section */

/* Begin XCConfigurationList section */
		A072B8081AC49AF700B08788 /* Build configuration list for PBXProject "ID Keeper" */ = {
			isa = XCConfigurationList;
			buildConfigurations = (
				A072B8311AC49AF800B08788 /* Debug */,
				A072B8321AC49AF800B08788 /* Release */,
			);
			defaultConfigurationIsVisible = 0;
			defaultConfigurationName = Release;
		};
		A072B8331AC49AF800B08788 /* Build configuration list for PBXNativeTarget "ID Keeper" */ = {
			isa = XCConfigurationList;
			buildConfigurations = (
				A072B8341AC49AF800B08788 /* Debug */,
				A072B8351AC49AF800B08788 /* Release */,
			);
			defaultConfigurationIsVisible = 0;
			defaultConfigurationName = Release;
		};
		A072B8361AC49AF800B08788 /* Build configuration list for PBXNativeTarget "ID KeeperTests" */ = {
			isa = XCConfigurationList;
			buildConfigurations = (
				A072B8371AC49AF800B08788 /* Debug */,
				A072B8381AC49AF800B08788 /* Release */,
			);
			defaultConfigurationIsVisible = 0;
			defaultConfigurationName = Release;
		};
/* End XCConfigurationList section */

/* Begin XCVersionGroup section */
		A072B8171AC49AF800B08788 /* ID_Keeper.xcdatamodeld */ = {
			isa = XCVersionGroup;
			children = (
				A072B8181AC49AF800B08788 /* ID_Keeper.xcdatamodel */,
			);
			currentVersion = A072B8181AC49AF800B08788 /* ID_Keeper.xcdatamodel */;
			path = ID_Keeper.xcdatamodeld;
			sourceTree = "<group>";
			versionGroupType = wrapper.xcdatamodel;
		};
/* End XCVersionGroup section */
	};
	rootObject = A072B8051AC49AF700B08788 /* Project object */;
}
